<?xml version="1.0" encoding="UTF-8"?>
<Scheme
   LastUpgradeVersion = "0700"
   version = "2.0">
   <BuildAction
      parallelizeBuildables = "YES"
      buildImplicitDependencies = "YES">
      <BuildActionEntries>
         <BuildActionEntry
            buildForTesting = "YES"
            buildForRunning = "YES"
            buildForProfiling = "YES"
            buildForArchiving = "YES"
            buildForAnalyzing = "YES">
            <BuildableReference
               BuildableIdentifier = "primary"
               BlueprintIdentifier = "B3FAD8081BD29D6600DAE4D3"
               BuildableName = "BoilerMake2015 Watch.app"
               BlueprintName = "BoilerMake2015 Watch"
               ReferencedContainer = "container:BoilerMake2015.xcodeproj">
            </BuildableReference>
         </BuildActionEntry>
         <BuildActionEntry
            buildForTesting = "YES"
            buildForRunning = "YES"
            buildForProfiling = "YES"
            buildForArchiving = "YES"
            buildForAnalyzing = "YES">
            <BuildableReference
               BuildableIdentifier = "primary"
               BlueprintIdentifier = "B3FAD8141BD29D6700DAE4D3"
               BuildableName = "BoilerMake2015 Watch Extension.appex"
               BlueprintName = "BoilerMake2015 Watch Extension"
               ReferencedContainer = "container:BoilerMake2015.xcodeproj">
            </BuildableReference>
         </BuildActionEntry>
         <BuildActionEntry
            buildForTesting = "YES"
            buildForRunning = "YES"
            buildForProfiling = "YES"
            buildForArchiving = "YES"
            buildForAnalyzing = "YES">
            <BuildableReference
               BuildableIdentifier = "primary"
               BlueprintIdentifier = "B3FAD79F1BD1F13D00DAE4D3"
               BuildableName = "BoilerMake2015.app"
               BlueprintName = "BoilerMake2015"
               ReferencedContainer = "container:BoilerMake2015.xcodeproj">
            </BuildableReference>
         </BuildActionEntry>
      </BuildActionEntries>
   </BuildAction>
   <TestAction
      buildConfiguration = "Debug"
      selectedDebuggerIdentifier = "Xcode.DebuggerFoundation.Debugger.LLDB"
      selectedLauncherIdentifier = "Xcode.DebuggerFoundation.Launcher.LLDB"
      shouldUseLaunchSchemeArgsEnv = "YES">
      <Testables>
      </Testables>
      <MacroExpansion>
         <BuildableReference
            BuildableIdentifier = "primary"
            BlueprintIdentifier = "B3FAD8081BD29D6600DAE4D3"
            BuildableName = "BoilerMake2015 Watch.app"
            BlueprintName = "BoilerMake2015 Watch"
            ReferencedContainer = "container:BoilerMake2015.xcodeproj">
         </BuildableReference>
      </MacroExpansion>
      <AdditionalOptions>
      </AdditionalOptions>
   </TestAction>
   <LaunchAction
      buildConfiguration = "Debug"
      selectedDebuggerIdentifier = "Xcode.DebuggerFoundation.Debugger.LLDB"
      selectedLauncherIdentifier = "Xcode.DebuggerFoundation.Launcher.LLDB"
      launchStyle = "0"
      useCustomWorkingDirectory = "NO"
      ignoresPersistentStateOnLaunch = "NO"
      debugDocumentVersioning = "YES"
      debugServiceExtension = "internal"
      allowLocationSimulation = "YES"
      launchAutomaticallySubstyle = "8"
      notificationPayloadFile = "BoilerMake2015 Watch Extension/PushNotificationPayload.apns">
      <RemoteRunnable
         runnableDebuggingMode = "2"
         BundleIdentifier = "com.apple.carousel"
         RemotePath = "/BoilerMake2015">
         <BuildableReference
            BuildableIdentifier = "primary"
            BlueprintIdentifier = "B3FAD8081BD29D6600DAE4D3"
            BuildableName = "BoilerMake2015 Watch.app"
            BlueprintName = "BoilerMake2015 Watch"
            ReferencedContainer = "container:BoilerMake2015.xcodeproj">
         </BuildableReference>
      </RemoteRunnable>
      <MacroExpansion>
         <BuildableReference
            BuildableIdentifier = "primary"
            BlueprintIdentifier = "B3FAD8081BD29D6600DAE4D3"
            BuildableName = "BoilerMake2015 Watch.app"
            BlueprintName = "BoilerMake2015 Watch"
            ReferencedContainer = "container:BoilerMake2015.xcodeproj">
         </BuildableReference>
      </MacroExpansion>
      <AdditionalOptions>
      </AdditionalOptions>
   </LaunchAction>
   <ProfileAction
      buildConfiguration = "Release"
      shouldUseLaunchSchemeArgsEnv = "YES"
      savedToolIdentifier = ""
      useCustomWorkingDirectory = "NO"
      debugDocumentVersioning = "YES"
      launchAutomaticallySubstyle = "8"
      notificationPayloadFile = "BoilerMake2015 Watch Extension/PushNotificationPayload.apns">
      <RemoteRunnable
         runnableDebuggingMode = "2"
         BundleIdentifier = "com.apple.carousel"
         RemotePath = "/BoilerMake2015">
         <BuildableReference
            BuildableIdentifier = "primary"
            BlueprintIdentifier = "B3FAD8081BD29D6600DAE4D3"
            BuildableName = "BoilerMake2015 Watch.app"
            BlueprintName = "BoilerMake2015 Watch"
            ReferencedContainer = "container:BoilerMake2015.xcodeproj">
         </BuildableReference>
      </RemoteRunnable>
      <MacroExpansion>
         <BuildableReference
            BuildableIdentifier = "primary"
            BlueprintIdentifier = "B3FAD8081BD29D6600DAE4D3"
            BuildableName = "BoilerMake2015 Watch.app"
            BlueprintName = "BoilerMake2015 Watch"
            ReferencedContainer = "container:BoilerMake2015.xcodeproj">
         </BuildableReference>
      </MacroExpansion>
   </ProfileAction>
   <AnalyzeAction
      buildConfiguration = "Debug">
   </AnalyzeAction>
   <ArchiveAction
      buildConfiguration = "Release"
      revealArchiveInOrganizer = "YES">
   </ArchiveAction>
</Scheme>
