// !$*UTF8*$!
{
	archiveVersion = 1;
	classes = {
	};
	objectVersion = 46;
	objects = {

/* Begin PBXBuildFile section */
		B3A7614B1BD3A2890031F1E6 /* arrow0.png in Resources */ = {isa = PBXBuildFile; fileRef = B3A7613C1BD3A2890031F1E6 /* arrow0.png */; settings = {ASSET_TAGS = (); }; };
		B3A7614C1BD3A2890031F1E6 /* arrow1.png in Resources */ = {isa = PBXBuildFile; fileRef = B3A7613D1BD3A2890031F1E6 /* arrow1.png */; settings = {ASSET_TAGS = (); }; };
		B3A7614D1BD3A2890031F1E6 /* arrow2.png in Resources */ = {isa = PBXBuildFile; fileRef = B3A7613E1BD3A2890031F1E6 /* arrow2.png */; settings = {ASSET_TAGS = (); }; };
		B3A7614E1BD3A2890031F1E6 /* arrow3.png in Resources */ = {isa = PBXBuildFile; fileRef = B3A7613F1BD3A2890031F1E6 /* arrow3.png */; settings = {ASSET_TAGS = (); }; };
		B3A7614F1BD3A2890031F1E6 /* arrow5.png in Resources */ = {isa = PBXBuildFile; fileRef = B3A761401BD3A2890031F1E6 /* arrow5.png */; settings = {ASSET_TAGS = (); }; };
		B3A761501BD3A2890031F1E6 /* arrow6.png in Resources */ = {isa = PBXBuildFile; fileRef = B3A761411BD3A2890031F1E6 /* arrow6.png */; settings = {ASSET_TAGS = (); }; };
		B3A761511BD3A2890031F1E6 /* arrow7.png in Resources */ = {isa = PBXBuildFile; fileRef = B3A761421BD3A2890031F1E6 /* arrow7.png */; settings = {ASSET_TAGS = (); }; };
		B3A761521BD3A2890031F1E6 /* arrow8.png in Resources */ = {isa = PBXBuildFile; fileRef = B3A761431BD3A2890031F1E6 /* arrow8.png */; settings = {ASSET_TAGS = (); }; };
		B3A761531BD3A2890031F1E6 /* arrow9.png in Resources */ = {isa = PBXBuildFile; fileRef = B3A761441BD3A2890031F1E6 /* arrow9.png */; settings = {ASSET_TAGS = (); }; };
		B3A761541BD3A2890031F1E6 /* arrow10.png in Resources */ = {isa = PBXBuildFile; fileRef = B3A761451BD3A2890031F1E6 /* arrow10.png */; settings = {ASSET_TAGS = (); }; };
		B3A761551BD3A2890031F1E6 /* arrow11.png in Resources */ = {isa = PBXBuildFile; fileRef = B3A761461BD3A2890031F1E6 /* arrow11.png */; settings = {ASSET_TAGS = (); }; };
		B3A761561BD3A2890031F1E6 /* arrow12.png in Resources */ = {isa = PBXBuildFile; fileRef = B3A761471BD3A2890031F1E6 /* arrow12.png */; settings = {ASSET_TAGS = (); }; };
		B3A761571BD3A2890031F1E6 /* arrow13.png in Resources */ = {isa = PBXBuildFile; fileRef = B3A761481BD3A2890031F1E6 /* arrow13.png */; settings = {ASSET_TAGS = (); }; };
		B3A761581BD3A2890031F1E6 /* arrow14.png in Resources */ = {isa = PBXBuildFile; fileRef = B3A761491BD3A2890031F1E6 /* arrow14.png */; settings = {ASSET_TAGS = (); }; };
		B3A761591BD3A2890031F1E6 /* arrow15.png in Resources */ = {isa = PBXBuildFile; fileRef = B3A7614A1BD3A2890031F1E6 /* arrow15.png */; settings = {ASSET_TAGS = (); }; };
		B3A7615B1BD3A2A30031F1E6 /* arrow4.png in Resources */ = {isa = PBXBuildFile; fileRef = B3A7615A1BD3A2A30031F1E6 /* arrow4.png */; settings = {ASSET_TAGS = (); }; };
		B3E141DB1BD3147C00A0391C /* stringExtension.swift in Sources */ = {isa = PBXBuildFile; fileRef = B3E141DA1BD3147C00A0391C /* stringExtension.swift */; settings = {ASSET_TAGS = (); }; };
		B3E141DD1BD314CD00A0391C /* dictionaryExtension.swift in Sources */ = {isa = PBXBuildFile; fileRef = B3E141DC1BD314CD00A0391C /* dictionaryExtension.swift */; settings = {ASSET_TAGS = (); }; };
		B3FAD7A41BD1F13D00DAE4D3 /* AppDelegate.swift in Sources */ = {isa = PBXBuildFile; fileRef = B3FAD7A31BD1F13D00DAE4D3 /* AppDelegate.swift */; };
		B3FAD7A91BD1F13D00DAE4D3 /* Main.storyboard in Resources */ = {isa = PBXBuildFile; fileRef = B3FAD7A71BD1F13D00DAE4D3 /* Main.storyboard */; };
		B3FAD7AC1BD1F13D00DAE4D3 /* BoilerMake2015.xcdatamodeld in Sources */ = {isa = PBXBuildFile; fileRef = B3FAD7AA1BD1F13D00DAE4D3 /* BoilerMake2015.xcdatamodeld */; };
		B3FAD7AE1BD1F13D00DAE4D3 /* Assets.xcassets in Resources */ = {isa = PBXBuildFile; fileRef = B3FAD7AD1BD1F13D00DAE4D3 /* Assets.xcassets */; };
		B3FAD7B11BD1F13D00DAE4D3 /* LaunchScreen.storyboard in Resources */ = {isa = PBXBuildFile; fileRef = B3FAD7AF1BD1F13D00DAE4D3 /* LaunchScreen.storyboard */; };
		B3FAD7BC1BD1F13D00DAE4D3 /* BoilerMake2015Tests.swift in Sources */ = {isa = PBXBuildFile; fileRef = B3FAD7BB1BD1F13D00DAE4D3 /* BoilerMake2015Tests.swift */; };
		B3FAD7C71BD1F13D00DAE4D3 /* BoilerMake2015UITests.swift in Sources */ = {isa = PBXBuildFile; fileRef = B3FAD7C61BD1F13D00DAE4D3 /* BoilerMake2015UITests.swift */; };
		B3FAD7D91BD1F80000DAE4D3 /* TableViewController.swift in Sources */ = {isa = PBXBuildFile; fileRef = B3FAD7D81BD1F80000DAE4D3 /* TableViewController.swift */; settings = {ASSET_TAGS = (); }; };
		B3FAD7DB1BD1F83100DAE4D3 /* TableViewCell.swift in Sources */ = {isa = PBXBuildFile; fileRef = B3FAD7DA1BD1F83100DAE4D3 /* TableViewCell.swift */; settings = {ASSET_TAGS = (); }; };
		B3FAD80D1BD29D6600DAE4D3 /* Interface.storyboard in Resources */ = {isa = PBXBuildFile; fileRef = B3FAD80B1BD29D6600DAE4D3 /* Interface.storyboard */; };
		B3FAD80F1BD29D6700DAE4D3 /* Assets.xcassets in Resources */ = {isa = PBXBuildFile; fileRef = B3FAD80E1BD29D6700DAE4D3 /* Assets.xcassets */; };
		B3FAD8161BD29D6700DAE4D3 /* BoilerMake2015 Watch Extension.appex in Embed App Extensions */ = {isa = PBXBuildFile; fileRef = B3FAD8151BD29D6700DAE4D3 /* BoilerMake2015 Watch Extension.appex */; settings = {ATTRIBUTES = (RemoveHeadersOnCopy, ); }; };
		B3FAD81D1BD29D6700DAE4D3 /* InterfaceController.swift in Sources */ = {isa = PBXBuildFile; fileRef = B3FAD81C1BD29D6700DAE4D3 /* InterfaceController.swift */; };
		B3FAD81F1BD29D6700DAE4D3 /* ExtensionDelegate.swift in Sources */ = {isa = PBXBuildFile; fileRef = B3FAD81E1BD29D6700DAE4D3 /* ExtensionDelegate.swift */; };
		B3FAD8211BD29D6700DAE4D3 /* NotificationController.swift in Sources */ = {isa = PBXBuildFile; fileRef = B3FAD8201BD29D6700DAE4D3 /* NotificationController.swift */; };
		B3FAD8231BD29D6700DAE4D3 /* Assets.xcassets in Resources */ = {isa = PBXBuildFile; fileRef = B3FAD8221BD29D6700DAE4D3 /* Assets.xcassets */; };
		B3FAD8271BD29D6700DAE4D3 /* BoilerMake2015 Watch.app in Embed Watch Content */ = {isa = PBXBuildFile; fileRef = B3FAD8091BD29D6600DAE4D3 /* BoilerMake2015 Watch.app */; };
/* End PBXBuildFile section */

/* Begin PBXContainerItemProxy section */
		B3FAD7B81BD1F13D00DAE4D3 /* PBXContainerItemProxy */ = {
			isa = PBXContainerItemProxy;
			containerPortal = B3FAD7981BD1F13D00DAE4D3 /* Project object */;
			proxyType = 1;
			remoteGlobalIDString = B3FAD79F1BD1F13D00DAE4D3;
			remoteInfo = BoilerMake2015;
		};
		B3FAD7C31BD1F13D00DAE4D3 /* PBXContainerItemProxy */ = {
			isa = PBXContainerItemProxy;
			containerPortal = B3FAD7981BD1F13D00DAE4D3 /* Project object */;
			proxyType = 1;
			remoteGlobalIDString = B3FAD79F1BD1F13D00DAE4D3;
			remoteInfo = BoilerMake2015;
		};
		B3FAD8171BD29D6700DAE4D3 /* PBXContainerItemProxy */ = {
			isa = PBXContainerItemProxy;
			containerPortal = B3FAD7981BD1F13D00DAE4D3 /* Project object */;
			proxyType = 1;
			remoteGlobalIDString = B3FAD8141BD29D6700DAE4D3;
			remoteInfo = "BoilerMake2015 Watch Extension";
		};
		B3FAD8251BD29D6700DAE4D3 /* PBXContainerItemProxy */ = {
			isa = PBXContainerItemProxy;
			containerPortal = B3FAD7981BD1F13D00DAE4D3 /* Project object */;
			proxyType = 1;
			remoteGlobalIDString = B3FAD8081BD29D6600DAE4D3;
			remoteInfo = "BoilerMake2015 Watch";
		};
/* End PBXContainerItemProxy section */

/* Begin PBXCopyFilesBuildPhase section */
		B3FAD82B1BD29D6700DAE4D3 /* Embed App Extensions */ = {
			isa = PBXCopyFilesBuildPhase;
			buildActionMask = 2147483647;
			dstPath = "";
			dstSubfolderSpec = 13;
			files = (
				B3FAD8161BD29D6700DAE4D3 /* BoilerMake2015 Watch Extension.appex in Embed App Extensions */,
			);
			name = "Embed App Extensions";
			runOnlyForDeploymentPostprocessing = 0;
		};
		B3FAD82F1BD29D6700DAE4D3 /* Embed Watch Content */ = {
			isa = PBXCopyFilesBuildPhase;
			buildActionMask = 2147483647;
			dstPath = "$(CONTENTS_FOLDER_PATH)/Watch";
			dstSubfolderSpec = 16;
			files = (
				B3FAD8271BD29D6700DAE4D3 /* BoilerMake2015 Watch.app in Embed Watch Content */,
			);
			name = "Embed Watch Content";
			runOnlyForDeploymentPostprocessing = 0;
		};
/* End PBXCopyFilesBuildPhase section */

/* Begin PBXFileReference section */
		B3A7613C1BD3A2890031F1E6 /* arrow0.png */ = {isa = PBXFileReference; lastKnownFileType = image.png; name = arrow0.png; path = "../../../swift/BoilerMake2015/BoilerMake2015 Watch Extension/arrow0.png"; sourceTree = "<group>"; };
		B3A7613D1BD3A2890031F1E6 /* arrow1.png */ = {isa = PBXFileReference; lastKnownFileType = image.png; name = arrow1.png; path = "../../../swift/BoilerMake2015/BoilerMake2015 Watch Extension/arrow1.png"; sourceTree = "<group>"; };
		B3A7613E1BD3A2890031F1E6 /* arrow2.png */ = {isa = PBXFileReference; lastKnownFileType = image.png; name = arrow2.png; path = "../../../swift/BoilerMake2015/BoilerMake2015 Watch Extension/arrow2.png"; sourceTree = "<group>"; };
		B3A7613F1BD3A2890031F1E6 /* arrow3.png */ = {isa = PBXFileReference; lastKnownFileType = image.png; name = arrow3.png; path = "../../../swift/BoilerMake2015/BoilerMake2015 Watch Extension/arrow3.png"; sourceTree = "<group>"; };
		B3A761401BD3A2890031F1E6 /* arrow5.png */ = {isa = PBXFileReference; lastKnownFileType = image.png; name = arrow5.png; path = "../../../swift/BoilerMake2015/BoilerMake2015 Watch Extension/arrow5.png"; sourceTree = "<group>"; };
		B3A761411BD3A2890031F1E6 /* arrow6.png */ = {isa = PBXFileReference; lastKnownFileType = image.png; name = arrow6.png; path = "../../../swift/BoilerMake2015/BoilerMake2015 Watch Extension/arrow6.png"; sourceTree = "<group>"; };
		B3A761421BD3A2890031F1E6 /* arrow7.png */ = {isa = PBXFileReference; lastKnownFileType = image.png; name = arrow7.png; path = "../../../swift/BoilerMake2015/BoilerMake2015 Watch Extension/arrow7.png"; sourceTree = "<group>"; };
		B3A761431BD3A2890031F1E6 /* arrow8.png */ = {isa = PBXFileReference; lastKnownFileType = image.png; name = arrow8.png; path = "../../../swift/BoilerMake2015/BoilerMake2015 Watch Extension/arrow8.png"; sourceTree = "<group>"; };
		B3A761441BD3A2890031F1E6 /* arrow9.png */ = {isa = PBXFileReference; lastKnownFileType = image.png; name = arrow9.png; path = "../../../swift/BoilerMake2015/BoilerMake2015 Watch Extension/arrow9.png"; sourceTree = "<group>"; };
		B3A761451BD3A2890031F1E6 /* arrow10.png */ = {isa = PBXFileReference; lastKnownFileType = image.png; name = arrow10.png; path = "../../../swift/BoilerMake2015/BoilerMake2015 Watch Extension/arrow10.png"; sourceTree = "<group>"; };
		B3A761461BD3A2890031F1E6 /* arrow11.png */ = {isa = PBXFileReference; lastKnownFileType = image.png; name = arrow11.png; path = "../../../swift/BoilerMake2015/BoilerMake2015 Watch Extension/arrow11.png"; sourceTree = "<group>"; };
		B3A761471BD3A2890031F1E6 /* arrow12.png */ = {isa = PBXFileReference; lastKnownFileType = image.png; name = arrow12.png; path = "../../../swift/BoilerMake2015/BoilerMake2015 Watch Extension/arrow12.png"; sourceTree = "<group>"; };
		B3A761481BD3A2890031F1E6 /* arrow13.png */ = {isa = PBXFileReference; lastKnownFileType = image.png; name = arrow13.png; path = "../../../swift/BoilerMake2015/BoilerMake2015 Watch Extension/arrow13.png"; sourceTree = "<group>"; };
		B3A761491BD3A2890031F1E6 /* arrow14.png */ = {isa = PBXFileReference; lastKnownFileType = image.png; name = arrow14.png; path = "../../../swift/BoilerMake2015/BoilerMake2015 Watch Extension/arrow14.png"; sourceTree = "<group>"; };
		B3A7614A1BD3A2890031F1E6 /* arrow15.png */ = {isa = PBXFileReference; lastKnownFileType = image.png; name = arrow15.png; path = "../../../swift/BoilerMake2015/BoilerMake2015 Watch Extension/arrow15.png"; sourceTree = "<group>"; };
		B3A7615A1BD3A2A30031F1E6 /* arrow4.png */ = {isa = PBXFileReference; lastKnownFileType = image.png; name = arrow4.png; path = "../../../swift/BoilerMake2015/BoilerMake2015 Watch Extension/arrow4.png"; sourceTree = "<group>"; };
		B3E141DA1BD3147C00A0391C /* stringExtension.swift */ = {isa = PBXFileReference; fileEncoding = 4; lastKnownFileType = sourcecode.swift; path = stringExtension.swift; sourceTree = "<group>"; };
		B3E141DC1BD314CD00A0391C /* dictionaryExtension.swift */ = {isa = PBXFileReference; fileEncoding = 4; lastKnownFileType = sourcecode.swift; path = dictionaryExtension.swift; sourceTree = "<group>"; };
		B3FAD7A01BD1F13D00DAE4D3 /* BoilerMake2015.app */ = {isa = PBXFileReference; explicitFileType = wrapper.application; includeInIndex = 0; path = BoilerMake2015.app; sourceTree = BUILT_PRODUCTS_DIR; };
		B3FAD7A31BD1F13D00DAE4D3 /* AppDelegate.swift */ = {isa = PBXFileReference; lastKnownFileType = sourcecode.swift; path = AppDelegate.swift; sourceTree = "<group>"; };
		B3FAD7A81BD1F13D00DAE4D3 /* Base */ = {isa = PBXFileReference; lastKnownFileType = file.storyboard; name = Base; path = Base.lproj/Main.storyboard; sourceTree = "<group>"; };
		B3FAD7AB1BD1F13D00DAE4D3 /* BoilerMake2015.xcdatamodel */ = {isa = PBXFileReference; lastKnownFileType = wrapper.xcdatamodel; path = BoilerMake2015.xcdatamodel; sourceTree = "<group>"; };
		B3FAD7AD1BD1F13D00DAE4D3 /* Assets.xcassets */ = {isa = PBXFileReference; lastKnownFileType = folder.assetcatalog; path = Assets.xcassets; sourceTree = "<group>"; };
		B3FAD7B01BD1F13D00DAE4D3 /* Base */ = {isa = PBXFileReference; lastKnownFileType = file.storyboard; name = Base; path = Base.lproj/LaunchScreen.storyboard; sourceTree = "<group>"; };
		B3FAD7B21BD1F13D00DAE4D3 /* Info.plist */ = {isa = PBXFileReference; lastKnownFileType = text.plist.xml; path = Info.plist; sourceTree = "<group>"; };
		B3FAD7B71BD1F13D00DAE4D3 /* BoilerMake2015Tests.xctest */ = {isa = PBXFileReference; explicitFileType = wrapper.cfbundle; includeInIndex = 0; path = BoilerMake2015Tests.xctest; sourceTree = BUILT_PRODUCTS_DIR; };
		B3FAD7BB1BD1F13D00DAE4D3 /* BoilerMake2015Tests.swift */ = {isa = PBXFileReference; lastKnownFileType = sourcecode.swift; path = BoilerMake2015Tests.swift; sourceTree = "<group>"; };
		B3FAD7BD1BD1F13D00DAE4D3 /* Info.plist */ = {isa = PBXFileReference; lastKnownFileType = text.plist.xml; path = Info.plist; sourceTree = "<group>"; };
		B3FAD7C21BD1F13D00DAE4D3 /* BoilerMake2015UITests.xctest */ = {isa = PBXFileReference; explicitFileType = wrapper.cfbundle; includeInIndex = 0; path = BoilerMake2015UITests.xctest; sourceTree = BUILT_PRODUCTS_DIR; };
		B3FAD7C61BD1F13D00DAE4D3 /* BoilerMake2015UITests.swift */ = {isa = PBXFileReference; lastKnownFileType = sourcecode.swift; path = BoilerMake2015UITests.swift; sourceTree = "<group>"; };
		B3FAD7C81BD1F13D00DAE4D3 /* Info.plist */ = {isa = PBXFileReference; lastKnownFileType = text.plist.xml; path = Info.plist; sourceTree = "<group>"; };
		B3FAD7D81BD1F80000DAE4D3 /* TableViewController.swift */ = {isa = PBXFileReference; fileEncoding = 4; lastKnownFileType = sourcecode.swift; path = TableViewController.swift; sourceTree = "<group>"; };
		B3FAD7DA1BD1F83100DAE4D3 /* TableViewCell.swift */ = {isa = PBXFileReference; fileEncoding = 4; lastKnownFileType = sourcecode.swift; path = TableViewCell.swift; sourceTree = "<group>"; };
		B3FAD8091BD29D6600DAE4D3 /* BoilerMake2015 Watch.app */ = {isa = PBXFileReference; explicitFileType = wrapper.application; includeInIndex = 0; path = "BoilerMake2015 Watch.app"; sourceTree = BUILT_PRODUCTS_DIR; };
		B3FAD80C1BD29D6600DAE4D3 /* Base */ = {isa = PBXFileReference; lastKnownFileType = file.storyboard; name = Base; path = Base.lproj/Interface.storyboard; sourceTree = "<group>"; };
		B3FAD80E1BD29D6700DAE4D3 /* Assets.xcassets */ = {isa = PBXFileReference; lastKnownFileType = folder.assetcatalog; path = Assets.xcassets; sourceTree = "<group>"; };
		B3FAD8101BD29D6700DAE4D3 /* Info.plist */ = {isa = PBXFileReference; lastKnownFileType = text.plist.xml; path = Info.plist; sourceTree = "<group>"; };
		B3FAD8151BD29D6700DAE4D3 /* BoilerMake2015 Watch Extension.appex */ = {isa = PBXFileReference; explicitFileType = "wrapper.app-extension"; includeInIndex = 0; path = "BoilerMake2015 Watch Extension.appex"; sourceTree = BUILT_PRODUCTS_DIR; };
		B3FAD81B1BD29D6700DAE4D3 /* PushNotificationPayload.apns */ = {isa = PBXFileReference; lastKnownFileType = text; path = PushNotificationPayload.apns; sourceTree = "<group>"; };
		B3FAD81C1BD29D6700DAE4D3 /* InterfaceController.swift */ = {isa = PBXFileReference; lastKnownFileType = sourcecode.swift; path = InterfaceController.swift; sourceTree = "<group>"; };
		B3FAD81E1BD29D6700DAE4D3 /* ExtensionDelegate.swift */ = {isa = PBXFileReference; lastKnownFileType = sourcecode.swift; path = ExtensionDelegate.swift; sourceTree = "<group>"; };
		B3FAD8201BD29D6700DAE4D3 /* NotificationController.swift */ = {isa = PBXFileReference; lastKnownFileType = sourcecode.swift; path = NotificationController.swift; sourceTree = "<group>"; };
		B3FAD8221BD29D6700DAE4D3 /* Assets.xcassets */ = {isa = PBXFileReference; lastKnownFileType = folder.assetcatalog; path = Assets.xcassets; sourceTree = "<group>"; };
		B3FAD8241BD29D6700DAE4D3 /* Info.plist */ = {isa = PBXFileReference; lastKnownFileType = text.plist.xml; path = Info.plist; sourceTree = "<group>"; };
/* End PBXFileReference section */

/* Begin PBXFrameworksBuildPhase section */
		B3FAD79D1BD1F13D00DAE4D3 /* Frameworks */ = {
			isa = PBXFrameworksBuildPhase;
			buildActionMask = 2147483647;
			files = (
			);
			runOnlyForDeploymentPostprocessing = 0;
		};
		B3FAD7B41BD1F13D00DAE4D3 /* Frameworks */ = {
			isa = PBXFrameworksBuildPhase;
			buildActionMask = 2147483647;
			files = (
			);
			runOnlyForDeploymentPostprocessing = 0;
		};
		B3FAD7BF1BD1F13D00DAE4D3 /* Frameworks */ = {
			isa = PBXFrameworksBuildPhase;
			buildActionMask = 2147483647;
			files = (
			);
			runOnlyForDeploymentPostprocessing = 0;
		};
		B3FAD8121BD29D6700DAE4D3 /* Frameworks */ = {
			isa = PBXFrameworksBuildPhase;
			buildActionMask = 2147483647;
			files = (
			);
			runOnlyForDeploymentPostprocessing = 0;
		};
/* End PBXFrameworksBuildPhase section */

/* Begin PBXGroup section */
		B3FAD7971BD1F13D00DAE4D3 = {
			isa = PBXGroup;
			children = (
				B3FAD7A21BD1F13D00DAE4D3 /* BoilerMake2015 */,
				B3FAD7BA1BD1F13D00DAE4D3 /* BoilerMake2015Tests */,
				B3FAD7C51BD1F13D00DAE4D3 /* BoilerMake2015UITests */,
				B3FAD80A1BD29D6600DAE4D3 /* BoilerMake2015 Watch */,
				B3FAD8191BD29D6700DAE4D3 /* BoilerMake2015 Watch Extension */,
				B3FAD7A11BD1F13D00DAE4D3 /* Products */,
			);
			sourceTree = "<group>";
		};
		B3FAD7A11BD1F13D00DAE4D3 /* Products */ = {
			isa = PBXGroup;
			children = (
				B3FAD7A01BD1F13D00DAE4D3 /* BoilerMake2015.app */,
				B3FAD7B71BD1F13D00DAE4D3 /* BoilerMake2015Tests.xctest */,
				B3FAD7C21BD1F13D00DAE4D3 /* BoilerMake2015UITests.xctest */,
				B3FAD8091BD29D6600DAE4D3 /* BoilerMake2015 Watch.app */,
				B3FAD8151BD29D6700DAE4D3 /* BoilerMake2015 Watch Extension.appex */,
			);
			name = Products;
			sourceTree = "<group>";
		};
		B3FAD7A21BD1F13D00DAE4D3 /* BoilerMake2015 */ = {
			isa = PBXGroup;
			children = (
				B3FAD7D81BD1F80000DAE4D3 /* TableViewController.swift */,
				B3E141DA1BD3147C00A0391C /* stringExtension.swift */,
				B3E141DC1BD314CD00A0391C /* dictionaryExtension.swift */,
				B3FAD7A31BD1F13D00DAE4D3 /* AppDelegate.swift */,
				B3FAD7A71BD1F13D00DAE4D3 /* Main.storyboard */,
				B3FAD7DA1BD1F83100DAE4D3 /* TableViewCell.swift */,
				B3FAD7AD1BD1F13D00DAE4D3 /* Assets.xcassets */,
				B3FAD7AF1BD1F13D00DAE4D3 /* LaunchScreen.storyboard */,
				B3FAD7B21BD1F13D00DAE4D3 /* Info.plist */,
				B3FAD7AA1BD1F13D00DAE4D3 /* BoilerMake2015.xcdatamodeld */,
			);
			path = BoilerMake2015;
			sourceTree = "<group>";
		};
		B3FAD7BA1BD1F13D00DAE4D3 /* BoilerMake2015Tests */ = {
			isa = PBXGroup;
			children = (
				B3FAD7BB1BD1F13D00DAE4D3 /* BoilerMake2015Tests.swift */,
				B3FAD7BD1BD1F13D00DAE4D3 /* Info.plist */,
			);
			path = BoilerMake2015Tests;
			sourceTree = "<group>";
		};
		B3FAD7C51BD1F13D00DAE4D3 /* BoilerMake2015UITests */ = {
			isa = PBXGroup;
			children = (
				B3FAD7C61BD1F13D00DAE4D3 /* BoilerMake2015UITests.swift */,
				B3FAD7C81BD1F13D00DAE4D3 /* Info.plist */,
			);
			path = BoilerMake2015UITests;
			sourceTree = "<group>";
		};
		B3FAD80A1BD29D6600DAE4D3 /* BoilerMake2015 Watch */ = {
			isa = PBXGroup;
			children = (
				B3FAD80B1BD29D6600DAE4D3 /* Interface.storyboard */,
				B3FAD80E1BD29D6700DAE4D3 /* Assets.xcassets */,
				B3FAD8101BD29D6700DAE4D3 /* Info.plist */,
			);
			path = "BoilerMake2015 Watch";
			sourceTree = "<group>";
		};
		B3FAD8191BD29D6700DAE4D3 /* BoilerMake2015 Watch Extension */ = {
			isa = PBXGroup;
			children = (
				B3A7613C1BD3A2890031F1E6 /* arrow0.png */,
				B3A7613D1BD3A2890031F1E6 /* arrow1.png */,
				B3A7613E1BD3A2890031F1E6 /* arrow2.png */,
				B3A7613F1BD3A2890031F1E6 /* arrow3.png */,
				B3A7615A1BD3A2A30031F1E6 /* arrow4.png */,
				B3A761401BD3A2890031F1E6 /* arrow5.png */,
				B3A761411BD3A2890031F1E6 /* arrow6.png */,
				B3A761421BD3A2890031F1E6 /* arrow7.png */,
				B3A761431BD3A2890031F1E6 /* arrow8.png */,
				B3A761441BD3A2890031F1E6 /* arrow9.png */,
				B3A761451BD3A2890031F1E6 /* arrow10.png */,
				B3A761461BD3A2890031F1E6 /* arrow11.png */,
				B3A761471BD3A2890031F1E6 /* arrow12.png */,
				B3A761481BD3A2890031F1E6 /* arrow13.png */,
				B3A761491BD3A2890031F1E6 /* arrow14.png */,
				B3A7614A1BD3A2890031F1E6 /* arrow15.png */,
				B3FAD81C1BD29D6700DAE4D3 /* InterfaceController.swift */,
				B3FAD81E1BD29D6700DAE4D3 /* ExtensionDelegate.swift */,
				B3FAD8201BD29D6700DAE4D3 /* NotificationController.swift */,
				B3FAD8221BD29D6700DAE4D3 /* Assets.xcassets */,
				B3FAD8241BD29D6700DAE4D3 /* Info.plist */,
				B3FAD81A1BD29D6700DAE4D3 /* Supporting Files */,
			);
			path = "BoilerMake2015 Watch Extension";
			sourceTree = "<group>";
		};
		B3FAD81A1BD29D6700DAE4D3 /* Supporting Files */ = {
			isa = PBXGroup;
			children = (
				B3FAD81B1BD29D6700DAE4D3 /* PushNotificationPayload.apns */,
			);
			name = "Supporting Files";
			sourceTree = "<group>";
		};
/* End PBXGroup section */

/* Begin PBXNativeTarget section */
		B3FAD79F1BD1F13D00DAE4D3 /* BoilerMake2015 */ = {
			isa = PBXNativeTarget;
			buildConfigurationList = B3FAD7CB1BD1F13D00DAE4D3 /* Build configuration list for PBXNativeTarget "BoilerMake2015" */;
			buildPhases = (
				B3FAD79C1BD1F13D00DAE4D3 /* Sources */,
				B3FAD79D1BD1F13D00DAE4D3 /* Frameworks */,
				B3FAD79E1BD1F13D00DAE4D3 /* Resources */,
				B3FAD82F1BD29D6700DAE4D3 /* Embed Watch Content */,
			);
			buildRules = (
			);
			dependencies = (
				B3FAD8261BD29D6700DAE4D3 /* PBXTargetDependency */,
			);
			name = BoilerMake2015;
			productName = BoilerMake2015;
			productReference = B3FAD7A01BD1F13D00DAE4D3 /* BoilerMake2015.app */;
			productType = "com.apple.product-type.application";
		};
		B3FAD7B61BD1F13D00DAE4D3 /* BoilerMake2015Tests */ = {
			isa = PBXNativeTarget;
			buildConfigurationList = B3FAD7CE1BD1F13D00DAE4D3 /* Build configuration list for PBXNativeTarget "BoilerMake2015Tests" */;
			buildPhases = (
				B3FAD7B31BD1F13D00DAE4D3 /* Sources */,
				B3FAD7B41BD1F13D00DAE4D3 /* Frameworks */,
				B3FAD7B51BD1F13D00DAE4D3 /* Resources */,
			);
			buildRules = (
			);
			dependencies = (
				B3FAD7B91BD1F13D00DAE4D3 /* PBXTargetDependency */,
			);
			name = BoilerMake2015Tests;
			productName = BoilerMake2015Tests;
			productReference = B3FAD7B71BD1F13D00DAE4D3 /* BoilerMake2015Tests.xctest */;
			productType = "com.apple.product-type.bundle.unit-test";
		};
		B3FAD7C11BD1F13D00DAE4D3 /* BoilerMake2015UITests */ = {
			isa = PBXNativeTarget;
			buildConfigurationList = B3FAD7D11BD1F13D00DAE4D3 /* Build configuration list for PBXNativeTarget "BoilerMake2015UITests" */;
			buildPhases = (
				B3FAD7BE1BD1F13D00DAE4D3 /* Sources */,
				B3FAD7BF1BD1F13D00DAE4D3 /* Frameworks */,
				B3FAD7C01BD1F13D00DAE4D3 /* Resources */,
			);
			buildRules = (
			);
			dependencies = (
				B3FAD7C41BD1F13D00DAE4D3 /* PBXTargetDependency */,
			);
			name = BoilerMake2015UITests;
			productName = BoilerMake2015UITests;
			productReference = B3FAD7C21BD1F13D00DAE4D3 /* BoilerMake2015UITests.xctest */;
			productType = "com.apple.product-type.bundle.ui-testing";
		};
		B3FAD8081BD29D6600DAE4D3 /* BoilerMake2015 Watch */ = {
			isa = PBXNativeTarget;
			buildConfigurationList = B3FAD82C1BD29D6700DAE4D3 /* Build configuration list for PBXNativeTarget "BoilerMake2015 Watch" */;
			buildPhases = (
				B3FAD8071BD29D6600DAE4D3 /* Resources */,
				B3FAD82B1BD29D6700DAE4D3 /* Embed App Extensions */,
			);
			buildRules = (
			);
			dependencies = (
				B3FAD8181BD29D6700DAE4D3 /* PBXTargetDependency */,
			);
			name = "BoilerMake2015 Watch";
			productName = "BoilerMake2015 Watch";
			productReference = B3FAD8091BD29D6600DAE4D3 /* BoilerMake2015 Watch.app */;
			productType = "com.apple.product-type.application.watchapp2";
		};
		B3FAD8141BD29D6700DAE4D3 /* BoilerMake2015 Watch Extension */ = {
			isa = PBXNativeTarget;
			buildConfigurationList = B3FAD8281BD29D6700DAE4D3 /* Build configuration list for PBXNativeTarget "BoilerMake2015 Watch Extension" */;
			buildPhases = (
				B3FAD8111BD29D6700DAE4D3 /* Sources */,
				B3FAD8121BD29D6700DAE4D3 /* Frameworks */,
				B3FAD8131BD29D6700DAE4D3 /* Resources */,
			);
			buildRules = (
			);
			dependencies = (
			);
			name = "BoilerMake2015 Watch Extension";
			productName = "BoilerMake2015 Watch Extension";
			productReference = B3FAD8151BD29D6700DAE4D3 /* BoilerMake2015 Watch Extension.appex */;
			productType = "com.apple.product-type.watchkit2-extension";
		};
/* End PBXNativeTarget section */

/* Begin PBXProject section */
		B3FAD7981BD1F13D00DAE4D3 /* Project object */ = {
			isa = PBXProject;
			attributes = {
				LastUpgradeCheck = 0700;
				ORGANIZATIONNAME = BoilerMake2015;
				TargetAttributes = {
					B3FAD79F1BD1F13D00DAE4D3 = {
						CreatedOnToolsVersion = 7.0.1;
					};
					B3FAD7B61BD1F13D00DAE4D3 = {
						CreatedOnToolsVersion = 7.0.1;
						TestTargetID = B3FAD79F1BD1F13D00DAE4D3;
					};
					B3FAD7C11BD1F13D00DAE4D3 = {
						CreatedOnToolsVersion = 7.0.1;
						TestTargetID = B3FAD79F1BD1F13D00DAE4D3;
					};
					B3FAD8081BD29D6600DAE4D3 = {
						CreatedOnToolsVersion = 7.0.1;
					};
					B3FAD8141BD29D6700DAE4D3 = {
						CreatedOnToolsVersion = 7.0.1;
						DevelopmentTeam = CM5EB4T9MU;
					};
				};
			};
			buildConfigurationList = B3FAD79B1BD1F13D00DAE4D3 /* Build configuration list for PBXProject "BoilerMake2015" */;
			compatibilityVersion = "Xcode 3.2";
			developmentRegion = English;
			hasScannedForEncodings = 0;
			knownRegions = (
				en,
				Base,
			);
			mainGroup = B3FAD7971BD1F13D00DAE4D3;
			productRefGroup = B3FAD7A11BD1F13D00DAE4D3 /* Products */;
			projectDirPath = "";
			projectRoot = "";
			targets = (
				B3FAD79F1BD1F13D00DAE4D3 /* BoilerMake2015 */,
				B3FAD7B61BD1F13D00DAE4D3 /* BoilerMake2015Tests */,
				B3FAD7C11BD1F13D00DAE4D3 /* BoilerMake2015UITests */,
				B3FAD8081BD29D6600DAE4D3 /* BoilerMake2015 Watch */,
				B3FAD8141BD29D6700DAE4D3 /* BoilerMake2015 Watch Extension */,
			);
		};
/* End PBXProject section */

/* Begin PBXResourcesBuildPhase section */
		B3FAD79E1BD1F13D00DAE4D3 /* Resources */ = {
			isa = PBXResourcesBuildPhase;
			buildActionMask = 2147483647;
			files = (
				B3FAD7B11BD1F13D00DAE4D3 /* LaunchScreen.storyboard in Resources */,
				B3FAD7AE1BD1F13D00DAE4D3 /* Assets.xcassets in Resources */,
				B3FAD7A91BD1F13D00DAE4D3 /* Main.storyboard in Resources */,
			);
			runOnlyForDeploymentPostprocessing = 0;
		};
		B3FAD7B51BD1F13D00DAE4D3 /* Resources */ = {
			isa = PBXResourcesBuildPhase;
			buildActionMask = 2147483647;
			files = (
			);
			runOnlyForDeploymentPostprocessing = 0;
		};
		B3FAD7C01BD1F13D00DAE4D3 /* Resources */ = {
			isa = PBXResourcesBuildPhase;
			buildActionMask = 2147483647;
			files = (
			);
			runOnlyForDeploymentPostprocessing = 0;
		};
		B3FAD8071BD29D6600DAE4D3 /* Resources */ = {
			isa = PBXResourcesBuildPhase;
			buildActionMask = 2147483647;
			files = (
				B3FAD80F1BD29D6700DAE4D3 /* Assets.xcassets in Resources */,
				B3FAD80D1BD29D6600DAE4D3 /* Interface.storyboard in Resources */,
			);
			runOnlyForDeploymentPostprocessing = 0;
		};
		B3FAD8131BD29D6700DAE4D3 /* Resources */ = {
			isa = PBXResourcesBuildPhase;
			buildActionMask = 2147483647;
			files = (
				B3A7614B1BD3A2890031F1E6 /* arrow0.png in Resources */,
				B3A761561BD3A2890031F1E6 /* arrow12.png in Resources */,
				B3A761581BD3A2890031F1E6 /* arrow14.png in Resources */,
				B3A761541BD3A2890031F1E6 /* arrow10.png in Resources */,
				B3A761571BD3A2890031F1E6 /* arrow13.png in Resources */,
				B3A7615B1BD3A2A30031F1E6 /* arrow4.png in Resources */,
				B3A761531BD3A2890031F1E6 /* arrow9.png in Resources */,
				B3A761501BD3A2890031F1E6 /* arrow6.png in Resources */,
				B3A7614F1BD3A2890031F1E6 /* arrow5.png in Resources */,
				B3A7614E1BD3A2890031F1E6 /* arrow3.png in Resources */,
				B3A761521BD3A2890031F1E6 /* arrow8.png in Resources */,
				B3FAD8231BD29D6700DAE4D3 /* Assets.xcassets in Resources */,
				B3A7614D1BD3A2890031F1E6 /* arrow2.png in Resources */,
				B3A7614C1BD3A2890031F1E6 /* arrow1.png in Resources */,
				B3A761511BD3A2890031F1E6 /* arrow7.png in Resources */,
				B3A761551BD3A2890031F1E6 /* arrow11.png in Resources */,
				B3A761591BD3A2890031F1E6 /* arrow15.png in Resources */,
			);
			runOnlyForDeploymentPostprocessing = 0;
		};
/* End PBXResourcesBuildPhase section */

/* Begin PBXSourcesBuildPhase section */
		B3FAD79C1BD1F13D00DAE4D3 /* Sources */ = {
			isa = PBXSourcesBuildPhase;
			buildActionMask = 2147483647;
			files = (
				B3FAD7AC1BD1F13D00DAE4D3 /* BoilerMake2015.xcdatamodeld in Sources */,
				B3E141DD1BD314CD00A0391C /* dictionaryExtension.swift in Sources */,
				B3FAD7DB1BD1F83100DAE4D3 /* TableViewCell.swift in Sources */,
				B3FAD7D91BD1F80000DAE4D3 /* TableViewController.swift in Sources */,
				B3FAD7A41BD1F13D00DAE4D3 /* AppDelegate.swift in Sources */,
				B3E141DB1BD3147C00A0391C /* stringExtension.swift in Sources */,
			);
			runOnlyForDeploymentPostprocessing = 0;
		};
		B3FAD7B31BD1F13D00DAE4D3 /* Sources */ = {
			isa = PBXSourcesBuildPhase;
			buildActionMask = 2147483647;
			files = (
				B3FAD7BC1BD1F13D00DAE4D3 /* BoilerMake2015Tests.swift in Sources */,
			);
			runOnlyForDeploymentPostprocessing = 0;
		};
		B3FAD7BE1BD1F13D00DAE4D3 /* Sources */ = {
			isa = PBXSourcesBuildPhase;
			buildActionMask = 2147483647;
			files = (
				B3FAD7C71BD1F13D00DAE4D3 /* BoilerMake2015UITests.swift in Sources */,
			);
			runOnlyForDeploymentPostprocessing = 0;
		};
		B3FAD8111BD29D6700DAE4D3 /* Sources */ = {
			isa = PBXSourcesBuildPhase;
			buildActionMask = 2147483647;
			files = (
				B3FAD8211BD29D6700DAE4D3 /* NotificationController.swift in Sources */,
				B3FAD81F1BD29D6700DAE4D3 /* ExtensionDelegate.swift in Sources */,
				B3FAD81D1BD29D6700DAE4D3 /* InterfaceController.swift in Sources */,
			);
			runOnlyForDeploymentPostprocessing = 0;
		};
/* End PBXSourcesBuildPhase section */

/* Begin PBXTargetDependency section */
		B3FAD7B91BD1F13D00DAE4D3 /* PBXTargetDependency */ = {
			isa = PBXTargetDependency;
			target = B3FAD79F1BD1F13D00DAE4D3 /* BoilerMake2015 */;
			targetProxy = B3FAD7B81BD1F13D00DAE4D3 /* PBXContainerItemProxy */;
		};
		B3FAD7C41BD1F13D00DAE4D3 /* PBXTargetDependency */ = {
			isa = PBXTargetDependency;
			target = B3FAD79F1BD1F13D00DAE4D3 /* BoilerMake2015 */;
			targetProxy = B3FAD7C31BD1F13D00DAE4D3 /* PBXContainerItemProxy */;
		};
		B3FAD8181BD29D6700DAE4D3 /* PBXTargetDependency */ = {
			isa = PBXTargetDependency;
			target = B3FAD8141BD29D6700DAE4D3 /* BoilerMake2015 Watch Extension */;
			targetProxy = B3FAD8171BD29D6700DAE4D3 /* PBXContainerItemProxy */;
		};
		B3FAD8261BD29D6700DAE4D3 /* PBXTargetDependency */ = {
			isa = PBXTargetDependency;
			target = B3FAD8081BD29D6600DAE4D3 /* BoilerMake2015 Watch */;
			targetProxy = B3FAD8251BD29D6700DAE4D3 /* PBXContainerItemProxy */;
		};
/* End PBXTargetDependency section */

/* Begin PBXVariantGroup section */
		B3FAD7A71BD1F13D00DAE4D3 /* Main.storyboard */ = {
			isa = PBXVariantGroup;
			children = (
				B3FAD7A81BD1F13D00DAE4D3 /* Base */,
			);
			name = Main.storyboard;
			sourceTree = "<group>";
		};
		B3FAD7AF1BD1F13D00DAE4D3 /* LaunchScreen.storyboard */ = {
			isa = PBXVariantGroup;
			children = (
				B3FAD7B01BD1F13D00DAE4D3 /* Base */,
			);
			name = LaunchScreen.storyboard;
			sourceTree = "<group>";
		};
		B3FAD80B1BD29D6600DAE4D3 /* Interface.storyboard */ = {
			isa = PBXVariantGroup;
			children = (
				B3FAD80C1BD29D6600DAE4D3 /* Base */,
			);
			name = Interface.storyboard;
			sourceTree = "<group>";
		};
/* End PBXVariantGroup section */

/* Begin XCBuildConfiguration section */
		B3FAD7C91BD1F13D00DAE4D3 /* Debug */ = {
			isa = XCBuildConfiguration;
			buildSettings = {
				ALWAYS_SEARCH_USER_PATHS = NO;
				CLANG_CXX_LANGUAGE_STANDARD = "gnu++0x";
				CLANG_CXX_LIBRARY = "libc++";
				CLANG_ENABLE_MODULES = YES;
				CLANG_ENABLE_OBJC_ARC = YES;
				CLANG_WARN_BOOL_CONVERSION = YES;
				CLANG_WARN_CONSTANT_CONVERSION = YES;
				CLANG_WARN_DIRECT_OBJC_ISA_USAGE = YES_ERROR;
				CLANG_WARN_EMPTY_BODY = YES;
				CLANG_WARN_ENUM_CONVERSION = YES;
				CLANG_WARN_INT_CONVERSION = YES;
				CLANG_WARN_OBJC_ROOT_CLASS = YES_ERROR;
				CLANG_WARN_UNREACHABLE_CODE = YES;
				CLANG_WARN__DUPLICATE_METHOD_MATCH = YES;
				"CODE_SIGN_IDENTITY[sdk=iphoneos*]" = "iPhone Developer";
				COPY_PHASE_STRIP = NO;
				DEBUG_INFORMATION_FORMAT = dwarf;
				ENABLE_STRICT_OBJC_MSGSEND = YES;
				ENABLE_TESTABILITY = YES;
				GCC_C_LANGUAGE_STANDARD = gnu99;
				GCC_DYNAMIC_NO_PIC = NO;
				GCC_NO_COMMON_BLOCKS = YES;
				GCC_OPTIMIZATION_LEVEL = 0;
				GCC_PREPROCESSOR_DEFINITIONS = (
					"DEBUG=1",
					"$(inherited)",
				);
				GCC_WARN_64_TO_32_BIT_CONVERSION = YES;
				GCC_WARN_ABOUT_RETURN_TYPE = YES_ERROR;
				GCC_WARN_UNDECLARED_SELECTOR = YES;
				GCC_WARN_UNINITIALIZED_AUTOS = YES_AGGRESSIVE;
				GCC_WARN_UNUSED_FUNCTION = YES;
				GCC_WARN_UNUSED_VARIABLE = YES;
				IPHONEOS_DEPLOYMENT_TARGET = 9.0;
				MTL_ENABLE_DEBUG_INFO = YES;
				ONLY_ACTIVE_ARCH = YES;
				SDKROOT = iphoneos;
				SWIFT_OPTIMIZATION_LEVEL = "-Onone";
				TARGETED_DEVICE_FAMILY = "1,2";
			};
			name = Debug;
		};
		B3FAD7CA1BD1F13D00DAE4D3 /* Release */ = {
			isa = XCBuildConfiguration;
			buildSettings = {
				ALWAYS_SEARCH_USER_PATHS = NO;
				CLANG_CXX_LANGUAGE_STANDARD = "gnu++0x";
				CLANG_CXX_LIBRARY = "libc++";
				CLANG_ENABLE_MODULES = YES;
				CLANG_ENABLE_OBJC_ARC = YES;
				CLANG_WARN_BOOL_CONVERSION = YES;
				CLANG_WARN_CONSTANT_CONVERSION = YES;
				CLANG_WARN_DIRECT_OBJC_ISA_USAGE = YES_ERROR;
				CLANG_WARN_EMPTY_BODY = YES;
				CLANG_WARN_ENUM_CONVERSION = YES;
				CLANG_WARN_INT_CONVERSION = YES;
				CLANG_WARN_OBJC_ROOT_CLASS = YES_ERROR;
				CLANG_WARN_UNREACHABLE_CODE = YES;
				CLANG_WARN__DUPLICATE_METHOD_MATCH = YES;
				"CODE_SIGN_IDENTITY[sdk=iphoneos*]" = "iPhone Developer";
				COPY_PHASE_STRIP = NO;
				DEBUG_INFORMATION_FORMAT = "dwarf-with-dsym";
				ENABLE_NS_ASSERTIONS = NO;
				ENABLE_STRICT_OBJC_MSGSEND = YES;
				GCC_C_LANGUAGE_STANDARD = gnu99;
				GCC_NO_COMMON_BLOCKS = YES;
				GCC_WARN_64_TO_32_BIT_CONVERSION = YES;
				GCC_WARN_ABOUT_RETURN_TYPE = YES_ERROR;
				GCC_WARN_UNDECLARED_SELECTOR = YES;
				GCC_WARN_UNINITIALIZED_AUTOS = YES_AGGRESSIVE;
				GCC_WARN_UNUSED_FUNCTION = YES;
				GCC_WARN_UNUSED_VARIABLE = YES;
				IPHONEOS_DEPLOYMENT_TARGET = 9.0;
				MTL_ENABLE_DEBUG_INFO = NO;
				SDKROOT = iphoneos;
				TARGETED_DEVICE_FAMILY = "1,2";
				VALIDATE_PRODUCT = YES;
			};
			name = Release;
		};
		B3FAD7CC1BD1F13D00DAE4D3 /* Debug */ = {
			isa = XCBuildConfiguration;
			buildSettings = {
				ASSETCATALOG_COMPILER_APPICON_NAME = AppIcon;
				INFOPLIST_FILE = BoilerMake2015/Info.plist;
				LD_RUNPATH_SEARCH_PATHS = "$(inherited) @executable_path/Frameworks";
				PRODUCT_BUNDLE_IDENTIFIER = "Julianna-Stevenson.BoilerMake2015";
				PRODUCT_NAME = "$(TARGET_NAME)";
			};
			name = Debug;
		};
		B3FAD7CD1BD1F13D00DAE4D3 /* Release */ = {
			isa = XCBuildConfiguration;
			buildSettings = {
				ASSETCATALOG_COMPILER_APPICON_NAME = AppIcon;
				INFOPLIST_FILE = BoilerMake2015/Info.plist;
				LD_RUNPATH_SEARCH_PATHS = "$(inherited) @executable_path/Frameworks";
				PRODUCT_BUNDLE_IDENTIFIER = "Julianna-Stevenson.BoilerMake2015";
				PRODUCT_NAME = "$(TARGET_NAME)";
			};
			name = Release;
		};
		B3FAD7CF1BD1F13D00DAE4D3 /* Debug */ = {
			isa = XCBuildConfiguration;
			buildSettings = {
				BUNDLE_LOADER = "$(TEST_HOST)";
				INFOPLIST_FILE = BoilerMake2015Tests/Info.plist;
				LD_RUNPATH_SEARCH_PATHS = "$(inherited) @executable_path/Frameworks @loader_path/Frameworks";
				PRODUCT_BUNDLE_IDENTIFIER = "Julianna-Stevenson.BoilerMake2015Tests";
				PRODUCT_NAME = "$(TARGET_NAME)";
				TEST_HOST = "$(BUILT_PRODUCTS_DIR)/BoilerMake2015.app/BoilerMake2015";
			};
			name = Debug;
		};
		B3FAD7D01BD1F13D00DAE4D3 /* Release */ = {
			isa = XCBuildConfiguration;
			buildSettings = {
				BUNDLE_LOADER = "$(TEST_HOST)";
				INFOPLIST_FILE = BoilerMake2015Tests/Info.plist;
				LD_RUNPATH_SEARCH_PATHS = "$(inherited) @executable_path/Frameworks @loader_path/Frameworks";
				PRODUCT_BUNDLE_IDENTIFIER = "Julianna-Stevenson.BoilerMake2015Tests";
				PRODUCT_NAME = "$(TARGET_NAME)";
				TEST_HOST = "$(BUILT_PRODUCTS_DIR)/BoilerMake2015.app/BoilerMake2015";
			};
			name = Release;
		};
		B3FAD7D21BD1F13D00DAE4D3 /* Debug */ = {
			isa = XCBuildConfiguration;
			buildSettings = {
				INFOPLIST_FILE = BoilerMake2015UITests/Info.plist;
				LD_RUNPATH_SEARCH_PATHS = "$(inherited) @executable_path/Frameworks @loader_path/Frameworks";
				PRODUCT_BUNDLE_IDENTIFIER = "Julianna-Stevenson.BoilerMake2015UITests";
				PRODUCT_NAME = "$(TARGET_NAME)";
				TEST_TARGET_NAME = BoilerMake2015;
				USES_XCTRUNNER = YES;
			};
			name = Debug;
		};
		B3FAD7D31BD1F13D00DAE4D3 /* Release */ = {
			isa = XCBuildConfiguration;
			buildSettings = {
				INFOPLIST_FILE = BoilerMake2015UITests/Info.plist;
				LD_RUNPATH_SEARCH_PATHS = "$(inherited) @executable_path/Frameworks @loader_path/Frameworks";
				PRODUCT_BUNDLE_IDENTIFIER = "Julianna-Stevenson.BoilerMake2015UITests";
				PRODUCT_NAME = "$(TARGET_NAME)";
				TEST_TARGET_NAME = BoilerMake2015;
				USES_XCTRUNNER = YES;
			};
			name = Release;
		};
		B3FAD8291BD29D6700DAE4D3 /* Debug */ = {
			isa = XCBuildConfiguration;
			buildSettings = {
				CODE_SIGN_IDENTITY = "iPhone Developer";
				"CODE_SIGN_IDENTITY[sdk=watchos*]" = "iPhone Developer";
				INFOPLIST_FILE = "BoilerMake2015 Watch Extension/Info.plist";
				LD_RUNPATH_SEARCH_PATHS = "$(inherited) @executable_path/Frameworks @executable_path/../../Frameworks";
				PRODUCT_BUNDLE_IDENTIFIER = "Julianna-Stevenson.BoilerMake2015.watchkitapp.watchkitextension";
				PRODUCT_NAME = "${TARGET_NAME}";
				PROVISIONING_PROFILE = "";
				SDKROOT = watchos;
				SKIP_INSTALL = YES;
				TARGETED_DEVICE_FAMILY = 4;
				WATCHOS_DEPLOYMENT_TARGET = 2.0;
			};
			name = Debug;
		};
		B3FAD82A1BD29D6700DAE4D3 /* Release */ = {
			isa = XCBuildConfiguration;
			buildSettings = {
				CODE_SIGN_IDENTITY = "iPhone Developer";
				"CODE_SIGN_IDENTITY[sdk=watchos*]" = "iPhone Developer";
				INFOPLIST_FILE = "BoilerMake2015 Watch Extension/Info.plist";
				LD_RUNPATH_SEARCH_PATHS = "$(inherited) @executable_path/Frameworks @executable_path/../../Frameworks";
				PRODUCT_BUNDLE_IDENTIFIER = "Julianna-Stevenson.BoilerMake2015.watchkitapp.watchkitextension";
				PRODUCT_NAME = "${TARGET_NAME}";
				PROVISIONING_PROFILE = "";
				SDKROOT = watchos;
				SKIP_INSTALL = YES;
				TARGETED_DEVICE_FAMILY = 4;
				WATCHOS_DEPLOYMENT_TARGET = 2.0;
			};
			name = Release;
		};
		B3FAD82D1BD29D6700DAE4D3 /* Debug */ = {
			isa = XCBuildConfiguration;
			buildSettings = {
				ASSETCATALOG_COMPILER_APPICON_NAME = AppIcon;
				EMBEDDED_CONTENT_CONTAINS_SWIFT = YES;
				IBSC_MODULE = BoilerMake2015_Watch_Extension;
				INFOPLIST_FILE = "BoilerMake2015 Watch/Info.plist";
				PRODUCT_BUNDLE_IDENTIFIER = "Julianna-Stevenson.BoilerMake2015.watchkitapp";
				PRODUCT_NAME = "$(TARGET_NAME)";
				SDKROOT = watchos;
				SKIP_INSTALL = YES;
				TARGETED_DEVICE_FAMILY = 4;
				WATCHOS_DEPLOYMENT_TARGET = 2.0;
			};
			name = Debug;
		};
		B3FAD82E1BD29D6700DAE4D3 /* Release */ = {
			isa = XCBuildConfiguration;
			buildSettings = {
				ASSETCATALOG_COMPILER_APPICON_NAME = AppIcon;
				EMBEDDED_CONTENT_CONTAINS_SWIFT = YES;
				IBSC_MODULE = BoilerMake2015_Watch_Extension;
				INFOPLIST_FILE = "BoilerMake2015 Watch/Info.plist";
				PRODUCT_BUNDLE_IDENTIFIER = "Julianna-Stevenson.BoilerMake2015.watchkitapp";
				PRODUCT_NAME = "$(TARGET_NAME)";
				SDKROOT = watchos;
				SKIP_INSTALL = YES;
				TARGETED_DEVICE_FAMILY = 4;
				WATCHOS_DEPLOYMENT_TARGET = 2.0;
			};
			name = Release;
		};
/* End XCBuildConfiguration section */

/* Begin XCConfigurationList section */
		B3FAD79B1BD1F13D00DAE4D3 /* Build configuration list for PBXProject "BoilerMake2015" */ = {
			isa = XCConfigurationList;
			buildConfigurations = (
				B3FAD7C91BD1F13D00DAE4D3 /* Debug */,
				B3FAD7CA1BD1F13D00DAE4D3 /* Release */,
			);
			defaultConfigurationIsVisible = 0;
			defaultConfigurationName = Release;
		};
		B3FAD7CB1BD1F13D00DAE4D3 /* Build configuration list for PBXNativeTarget "BoilerMake2015" */ = {
			isa = XCConfigurationList;
			buildConfigurations = (
				B3FAD7CC1BD1F13D00DAE4D3 /* Debug */,
				B3FAD7CD1BD1F13D00DAE4D3 /* Release */,
			);
			defaultConfigurationIsVisible = 0;
			defaultConfigurationName = Release;
		};
		B3FAD7CE1BD1F13D00DAE4D3 /* Build configuration list for PBXNativeTarget "BoilerMake2015Tests" */ = {
			isa = XCConfigurationList;
			buildConfigurations = (
				B3FAD7CF1BD1F13D00DAE4D3 /* Debug */,
				B3FAD7D01BD1F13D00DAE4D3 /* Release */,
			);
			defaultConfigurationIsVisible = 0;
			defaultConfigurationName = Release;
		};
		B3FAD7D11BD1F13D00DAE4D3 /* Build configuration list for PBXNativeTarget "BoilerMake2015UITests" */ = {
			isa = XCConfigurationList;
			buildConfigurations = (
				B3FAD7D21BD1F13D00DAE4D3 /* Debug */,
				B3FAD7D31BD1F13D00DAE4D3 /* Release */,
			);
			defaultConfigurationIsVisible = 0;
			defaultConfigurationName = Release;
		};
		B3FAD8281BD29D6700DAE4D3 /* Build configuration list for PBXNativeTarget "BoilerMake2015 Watch Extension" */ = {
			isa = XCConfigurationList;
			buildConfigurations = (
				B3FAD8291BD29D6700DAE4D3 /* Debug */,
				B3FAD82A1BD29D6700DAE4D3 /* Release */,
			);
			defaultConfigurationIsVisible = 0;
			defaultConfigurationName = Release;
		};
		B3FAD82C1BD29D6700DAE4D3 /* Build configuration list for PBXNativeTarget "BoilerMake2015 Watch" */ = {
			isa = XCConfigurationList;
			buildConfigurations = (
				B3FAD82D1BD29D6700DAE4D3 /* Debug */,
				B3FAD82E1BD29D6700DAE4D3 /* Release */,
			);
			defaultConfigurationIsVisible = 0;
			defaultConfigurationName = Release;
		};
/* End XCConfigurationList section */

/* Begin XCVersionGroup section */
		B3FAD7AA1BD1F13D00DAE4D3 /* BoilerMake2015.xcdatamodeld */ = {
			isa = XCVersionGroup;
			children = (
				B3FAD7AB1BD1F13D00DAE4D3 /* BoilerMake2015.xcdatamodel */,
			);
			currentVersion = B3FAD7AB1BD1F13D00DAE4D3 /* BoilerMake2015.xcdatamodel */;
			path = BoilerMake2015.xcdatamodeld;
			sourceTree = "<group>";
			versionGroupType = wrapper.xcdatamodel;
		};
/* End XCVersionGroup section */
	};
	rootObject = B3FAD7981BD1F13D00DAE4D3 /* Project object */;
}
